
Microsoft Visual Studio Solution File, Format Version 12.00
# Visual Studio Version 16
VisualStudioVersion = 16.0.30011.22
MinimumVisualStudioVersion = 10.0.40219.1
Project("{2150E333-8FDC-42A3-9474-1A3956D46DE8}") = "Solution Items", "Solution Items", "{F4AB9AB0-0973-4732-8FAC-DB7F644DD8FC}"
	ProjectSection(SolutionItems) = preProject
		NearestNeighbour.png = NearestNeighbour.png
		README.md = README.md
	EndProjectSection
EndProject
Project("{9A19103F-16F7-4668-BE54-9A1E7A4F7556}") = "ImageHelpers", "ImageHelpers\ImageHelpers.csproj", "{5174B420-2481-4EB4-AF42-071B88C58492}"
EndProject
Project("{9A19103F-16F7-4668-BE54-9A1E7A4F7556}") = "Linq2d", "Linq2d\Linq2d.csproj", "{012A3642-6EA9-4508-A576-31AF05E30A71}"
EndProject
Project("{9A19103F-16F7-4668-BE54-9A1E7A4F7556}") = "Linq2d.Tests", "Linq2d.Tests\Linq2d.Tests.csproj", "{9FAE8D8E-5421-4A6E-AB9B-E1B5435E5254}"
EndProject
Project("{9A19103F-16F7-4668-BE54-9A1E7A4F7556}") = "Linq2d.Benchmarks", "Linq2d.Benchmarks\Linq2d.Benchmarks.csproj", "{B6B4D8CE-059D-4B54-A92E-951CA1E460DA}"
EndProject
Project("{8BC9CEB8-8B4A-11D0-8D11-00A0C91BC942}") = "SauvolaBinarizeCPP", "SauvolaBinarizeCPP\SauvolaBinarizeCPP.vcxproj", "{9D297D64-2DDF-40A2-9910-8C4E613C6C1E}"
EndProject
Global
	GlobalSection(SolutionConfigurationPlatforms) = preSolution
		Debug|Any CPU = Debug|Any CPU
		Debug|x64 = Debug|x64
		Debug|x86 = Debug|x86
		Release|Any CPU = Release|Any CPU
		Release|x64 = Release|x64
		Release|x86 = Release|x86
	EndGlobalSection
	GlobalSection(ProjectConfigurationPlatforms) = postSolution
		{5174B420-2481-4EB4-AF42-071B88C58492}.Debug|Any CPU.ActiveCfg = Debug|Any CPU
		{5174B420-2481-4EB4-AF42-071B88C58492}.Debug|Any CPU.Build.0 = Debug|Any CPU
		{5174B420-2481-4EB4-AF42-071B88C58492}.Debug|x64.ActiveCfg = Debug|Any CPU
		{5174B420-2481-4EB4-AF42-071B88C58492}.Debug|x64.Build.0 = Debug|Any CPU
		{5174B420-2481-4EB4-AF42-071B88C58492}.Debug|x86.ActiveCfg = Debug|Any CPU
		{5174B420-2481-4EB4-AF42-071B88C58492}.Debug|x86.Build.0 = Debug|Any CPU
		{5174B420-2481-4EB4-AF42-071B88C58492}.Release|Any CPU.ActiveCfg = Release|Any CPU
		{5174B420-2481-4EB4-AF42-071B88C58492}.Release|Any CPU.Build.0 = Release|Any CPU
		{5174B420-2481-4EB4-AF42-071B88C58492}.Release|x64.ActiveCfg = Release|Any CPU
		{5174B420-2481-4EB4-AF42-071B88C58492}.Release|x64.Build.0 = Release|Any CPU
		{5174B420-2481-4EB4-AF42-071B88C58492}.Release|x86.ActiveCfg = Release|Any CPU
		{5174B420-2481-4EB4-AF42-071B88C58492}.Release|x86.Build.0 = Release|Any CPU
		{012A3642-6EA9-4508-A576-31AF05E30A71}.Debug|Any CPU.ActiveCfg = Debug|Any CPU
		{012A3642-6EA9-4508-A576-31AF05E30A71}.Debug|Any CPU.Build.0 = Debug|Any CPU
		{012A3642-6EA9-4508-A576-31AF05E30A71}.Debug|x64.ActiveCfg = Debug|Any CPU
		{012A3642-6EA9-4508-A576-31AF05E30A71}.Debug|x64.Build.0 = Debug|Any CPU
		{012A3642-6EA9-4508-A576-31AF05E30A71}.Debug|x86.ActiveCfg = Debug|Any CPU
		{012A3642-6EA9-4508-A576-31AF05E30A71}.Debug|x86.Build.0 = Debug|Any CPU
		{012A3642-6EA9-4508-A576-31AF05E30A71}.Release|Any CPU.ActiveCfg = Release|Any CPU
		{012A3642-6EA9-4508-A576-31AF05E30A71}.Release|Any CPU.Build.0 = Release|Any CPU
		{012A3642-6EA9-4508-A576-31AF05E30A71}.Release|x64.ActiveCfg = Release|Any CPU
		{012A3642-6EA9-4508-A576-31AF05E30A71}.Release|x64.Build.0 = Release|Any CPU
		{012A3642-6EA9-4508-A576-31AF05E30A71}.Release|x86.ActiveCfg = Release|Any CPU
		{012A3642-6EA9-4508-A576-31AF05E30A71}.Release|x86.Build.0 = Release|Any CPU
		{9FAE8D8E-5421-4A6E-AB9B-E1B5435E5254}.Debug|Any CPU.ActiveCfg = Debug|Any CPU
		{9FAE8D8E-5421-4A6E-AB9B-E1B5435E5254}.Debug|Any CPU.Build.0 = Debug|Any CPU
		{9FAE8D8E-5421-4A6E-AB9B-E1B5435E5254}.Debug|x64.ActiveCfg = Debug|Any CPU
		{9FAE8D8E-5421-4A6E-AB9B-E1B5435E5254}.Debug|x64.Build.0 = Debug|Any CPU
		{9FAE8D8E-5421-4A6E-AB9B-E1B5435E5254}.Debug|x86.ActiveCfg = Debug|Any CPU
		{9FAE8D8E-5421-4A6E-AB9B-E1B5435E5254}.Debug|x86.Build.0 = Debug|Any CPU
		{9FAE8D8E-5421-4A6E-AB9B-E1B5435E5254}.Release|Any CPU.ActiveCfg = Release|Any CPU
		{9FAE8D8E-5421-4A6E-AB9B-E1B5435E5254}.Release|Any CPU.Build.0 = Release|Any CPU
		{9FAE8D8E-5421-4A6E-AB9B-E1B5435E5254}.Release|x64.ActiveCfg = Release|Any CPU
		{9FAE8D8E-5421-4A6E-AB9B-E1B5435E5254}.Release|x64.Build.0 = Release|Any CPU
		{9FAE8D8E-5421-4A6E-AB9B-E1B5435E5254}.Release|x86.ActiveCfg = Release|Any CPU
		{9FAE8D8E-5421-4A6E-AB9B-E1B5435E5254}.Release|x86.Build.0 = Release|Any CPU
		{B6B4D8CE-059D-4B54-A92E-951CA1E460DA}.Debug|Any CPU.ActiveCfg = Debug|Any CPU
		{B6B4D8CE-059D-4B54-A92E-951CA1E460DA}.Debug|Any CPU.Build.0 = Debug|Any CPU
		{B6B4D8CE-059D-4B54-A92E-951CA1E460DA}.Debug|x64.ActiveCfg = Debug|Any CPU
		{B6B4D8CE-059D-4B54-A92E-951CA1E460DA}.Debug|x64.Build.0 = Debug|Any CPU
		{B6B4D8CE-059D-4B54-A92E-951CA1E460DA}.Debug|x86.ActiveCfg = Debug|Any CPU
		{B6B4D8CE-059D-4B54-A92E-951CA1E460DA}.Debug|x86.Build.0 = Debug|Any CPU
		{B6B4D8CE-059D-4B54-A92E-951CA1E460DA}.Release|Any CPU.ActiveCfg = Release|Any CPU
		{B6B4D8CE-059D-4B54-A92E-951CA1E460DA}.Release|Any CPU.Build.0 = Release|Any CPU
		{B6B4D8CE-059D-4B54-A92E-951CA1E460DA}.Release|x64.ActiveCfg = Release|Any CPU
		{B6B4D8CE-059D-4B54-A92E-951CA1E460DA}.Release|x64.Build.0 = Release|Any CPU
		{B6B4D8CE-059D-4B54-A92E-951CA1E460DA}.Release|x86.ActiveCfg = Release|Any CPU
		{B6B4D8CE-059D-4B54-A92E-951CA1E460DA}.Release|x86.Build.0 = Release|Any CPU
		{9D297D64-2DDF-40A2-9910-8C4E613C6C1E}.Debug|Any CPU.ActiveCfg = Debug|x64
		{9D297D64-2DDF-40A2-9910-8C4E613C6C1E}.Debug|Any CPU.Build.0 = Debug|x64
		{9D297D64-2DDF-40A2-9910-8C4E613C6C1E}.Debug|x64.ActiveCfg = Debug|x64
		{9D297D64-2DDF-40A2-9910-8C4E613C6C1E}.Debug|x64.Build.0 = Debug|x64
		{9D297D64-2DDF-40A2-9910-8C4E613C6C1E}.Debug|x86.ActiveCfg = Debug|Win32
		{9D297D64-2DDF-40A2-9910-8C4E613C6C1E}.Debug|x86.Build.0 = Debug|Win32
		{9D297D64-2DDF-40A2-9910-8C4E613C6C1E}.Release|Any CPU.ActiveCfg = Release|x64
		{9D297D64-2DDF-40A2-9910-8C4E613C6C1E}.Release|Any CPU.Build.0 = Release|x64
		{9D297D64-2DDF-40A2-9910-8C4E613C6C1E}.Release|x64.ActiveCfg = Release|x64
		{9D297D64-2DDF-40A2-9910-8C4E613C6C1E}.Release|x64.Build.0 = Release|x64
		{9D297D64-2DDF-40A2-9910-8C4E613C6C1E}.Release|x86.ActiveCfg = Release|Win32
		{9D297D64-2DDF-40A2-9910-8C4E613C6C1E}.Release|x86.Build.0 = Release|Win32
	EndGlobalSection
	GlobalSection(SolutionProperties) = preSolution
		HideSolutionNode = FALSE
	EndGlobalSection
	GlobalSection(ExtensibilityGlobals) = postSolution
		SolutionGuid = {A4472879-BB8D-405D-83B6-9FC9EE9D5B59}
	EndGlobalSection
EndGlobal
